
Microsoft Visual Studio Solution File, Format Version 12.00
# Visual Studio 15
VisualStudioVersion = 15.0.28307.572
MinimumVisualStudioVersion = 10.0.40219.1
Project("{FAE04EC0-301F-11D3-BF4B-00C04F79EFBC}") = "Pallindrome", "Pallindrome\Pallindrome.csproj", "{13D4FD74-21AF-416A-8238-C6615F1E9E5E}"
EndProject
Project("{FAE04EC0-301F-11D3-BF4B-00C04F79EFBC}") = "Prime", "Prime\Prime.csproj", "{DC8E0324-343E-4BE6-972A-46371FF4D54E}"
EndProject
Project("{FAE04EC0-301F-11D3-BF4B-00C04F79EFBC}") = "DuplicateElements", "DuplicateElements\DuplicateElements.csproj", "{EF173514-5097-4DE0-94EF-B2457A20CBB9}"
EndProject
Project("{FAE04EC0-301F-11D3-BF4B-00C04F79EFBC}") = "MaxandMin", "MaxandMin\MaxandMin.csproj", "{FE0A8F33-E7A3-49A5-BF47-E73217D81C4D}"
EndProject
Project("{FAE04EC0-301F-11D3-BF4B-00C04F79EFBC}") = "OddEven", "OddEven\OddEven.csproj", "{11DEC278-7E73-4ABC-88B7-379A5CACB12F}"
EndProject
Project("{FAE04EC0-301F-11D3-BF4B-00C04F79EFBC}") = "ArrayListDemo", "ArrayListDemo\ArrayListDemo.csproj", "{66AC4ED2-B811-4D24-8956-0F88338D3EDB}"
EndProject
Project("{FAE04EC0-301F-11D3-BF4B-00C04F79EFBC}") = "GenricsSorting", "GenricsSorting\GenricsSorting.csproj", "{BD7A752A-DDD3-4FFE-9021-58BB8B28768D}"
EndProject
Global
	GlobalSection(SolutionConfigurationPlatforms) = preSolution
		Debug|Any CPU = Debug|Any CPU
		Release|Any CPU = Release|Any CPU
	EndGlobalSection
	GlobalSection(ProjectConfigurationPlatforms) = postSolution
		{13D4FD74-21AF-416A-8238-C6615F1E9E5E}.Debug|Any CPU.ActiveCfg = Debug|Any CPU
		{13D4FD74-21AF-416A-8238-C6615F1E9E5E}.Debug|Any CPU.Build.0 = Debug|Any CPU
		{13D4FD74-21AF-416A-8238-C6615F1E9E5E}.Release|Any CPU.ActiveCfg = Release|Any CPU
		{13D4FD74-21AF-416A-8238-C6615F1E9E5E}.Release|Any CPU.Build.0 = Release|Any CPU
		{DC8E0324-343E-4BE6-972A-46371FF4D54E}.Debug|Any CPU.ActiveCfg = Debug|Any CPU
		{DC8E0324-343E-4BE6-972A-46371FF4D54E}.Debug|Any CPU.Build.0 = Debug|Any CPU
		{DC8E0324-343E-4BE6-972A-46371FF4D54E}.Release|Any CPU.ActiveCfg = Release|Any CPU
		{DC8E0324-343E-4BE6-972A-46371FF4D54E}.Release|Any CPU.Build.0 = Release|Any CPU
		{EF173514-5097-4DE0-94EF-B2457A20CBB9}.Debug|Any CPU.ActiveCfg = Debug|Any CPU
		{EF173514-5097-4DE0-94EF-B2457A20CBB9}.Debug|Any CPU.Build.0 = Debug|Any CPU
		{EF173514-5097-4DE0-94EF-B2457A20CBB9}.Release|Any CPU.ActiveCfg = Release|Any CPU
		{EF173514-5097-4DE0-94EF-B2457A20CBB9}.Release|Any CPU.Build.0 = Release|Any CPU
		{FE0A8F33-E7A3-49A5-BF47-E73217D81C4D}.Debug|Any CPU.ActiveCfg = Debug|Any CPU
		{FE0A8F33-E7A3-49A5-BF47-E73217D81C4D}.Debug|Any CPU.Build.0 = Debug|Any CPU
		{FE0A8F33-E7A3-49A5-BF47-E73217D81C4D}.Release|Any CPU.ActiveCfg = Release|Any CPU
		{FE0A8F33-E7A3-49A5-BF47-E73217D81C4D}.Release|Any CPU.Build.0 = Release|Any CPU
		{11DEC278-7E73-4ABC-88B7-379A5CACB12F}.Debug|Any CPU.ActiveCfg = Debug|Any CPU
		{11DEC278-7E73-4ABC-88B7-379A5CACB12F}.Debug|Any CPU.Build.0 = Debug|Any CPU
		{11DEC278-7E73-4ABC-88B7-379A5CACB12F}.Release|Any CPU.ActiveCfg = Release|Any CPU
		{11DEC278-7E73-4ABC-88B7-379A5CACB12F}.Release|Any CPU.Build.0 = Release|Any CPU
		{66AC4ED2-B811-4D24-8956-0F88338D3EDB}.Debug|Any CPU.ActiveCfg = Debug|Any CPU
		{66AC4ED2-B811-4D24-8956-0F88338D3EDB}.Debug|Any CPU.Build.0 = Debug|Any CPU
		{66AC4ED2-B811-4D24-8956-0F88338D3EDB}.Release|Any CPU.ActiveCfg = Release|Any CPU
		{66AC4ED2-B811-4D24-8956-0F88338D3EDB}.Release|Any CPU.Build.0 = Release|Any CPU
		{BD7A752A-DDD3-4FFE-9021-58BB8B28768D}.Debug|Any CPU.ActiveCfg = Debug|Any CPU
		{BD7A752A-DDD3-4FFE-9021-58BB8B28768D}.Debug|Any CPU.Build.0 = Debug|Any CPU
		{BD7A752A-DDD3-4FFE-9021-58BB8B28768D}.Release|Any CPU.ActiveCfg = Release|Any CPU
		{BD7A752A-DDD3-4FFE-9021-58BB8B28768D}.Release|Any CPU.Build.0 = Release|Any CPU
	EndGlobalSection
	GlobalSection(SolutionProperties) = preSolution
		HideSolutionNode = FALSE
	EndGlobalSection
	GlobalSection(ExtensibilityGlobals) = postSolution
		SolutionGuid = {072EAC08-2366-4107-82DF-5BA7D3CD9776}
	EndGlobalSection
EndGlobal
